# This file is autogenerated, do not edit; changes may be undone by the next 'dep ensure'.


[[projects]]
  digest = "1:0dd660bf22e8cc0a15ef9a79b82bb2c0528b988c0c0328225c9eb96199178f3a"
  name = "github.com/goshield/interfaces"
  packages = ["."]
  pruneopts = "UT"
  revision = "d25935c967b1e5dce007667a36ddaa4d817cef2e"
  version = "v1.0.2"

[solve-meta]
  analyzer-name = "dep"
  analyzer-version = 1
  input-imports = ["github.com/goshield/interfaces"]
  solver-name = "gps-cdcl"
  solver-version = 1
